// !$*UTF8*$!
{
	archiveVersion = 1;
	classes = {
	};
	objectVersion = 46;
	objects = {

/* Begin PBXBuildFile section */
		D80409151680D8124A08736B /* libPods-budejie.a in Frameworks */ = {isa = PBXBuildFile; fileRef = C3B9E5032665C8DA2F23F265 /* libPods-budejie.a */; };
		F0203E7A1FB1410F002733B5 /* HJTopicNewVC.m in Sources */ = {isa = PBXBuildFile; fileRef = F0203E791FB1410F002733B5 /* HJTopicNewVC.m */; };
		F02D9CE01FA1B2DF004D096F /* main.m in Sources */ = {isa = PBXBuildFile; fileRef = F02D9CDF1FA1B2DF004D096F /* main.m */; };
		F02D9CE31FA1B2DF004D096F /* AppDelegate.m in Sources */ = {isa = PBXBuildFile; fileRef = F02D9CE21FA1B2DF004D096F /* AppDelegate.m */; };
		F02D9CE91FA1B2DF004D096F /* Main.storyboard in Resources */ = {isa = PBXBuildFile; fileRef = F02D9CE71FA1B2DF004D096F /* Main.storyboard */; };
		F02D9CEC1FA1B2DF004D096F /* budejie.xcdatamodeld in Sources */ = {isa = PBXBuildFile; fileRef = F02D9CEA1FA1B2DF004D096F /* budejie.xcdatamodeld */; };
		F02D9CEE1FA1B2DF004D096F /* Assets.xcassets in Resources */ = {isa = PBXBuildFile; fileRef = F02D9CED1FA1B2DF004D096F /* Assets.xcassets */; };
		F02D9CF11FA1B2DF004D096F /* LaunchScreen.storyboard in Resources */ = {isa = PBXBuildFile; fileRef = F02D9CEF1FA1B2DF004D096F /* LaunchScreen.storyboard */; };
		F02D9D1B1FA1B324004D096F /* HJEssenceVC.m in Sources */ = {isa = PBXBuildFile; fileRef = F02D9CFB1FA1B324004D096F /* HJEssenceVC.m */; };
		F02D9D1C1FA1B324004D096F /* HJNewVC.m in Sources */ = {isa = PBXBuildFile; fileRef = F02D9D051FA1B324004D096F /* HJNewVC.m */; };
		F02D9D1D1FA1B324004D096F /* HJFriendTrendVC.m in Sources */ = {isa = PBXBuildFile; fileRef = F02D9D0B1FA1B324004D096F /* HJFriendTrendVC.m */; };
		F02D9D1E1FA1B324004D096F /* HJMeVC.m in Sources */ = {isa = PBXBuildFile; fileRef = F02D9D111FA1B324004D096F /* HJMeVC.m */; };
		F02D9D1F1FA1B324004D096F /* HJPublishVC.m in Sources */ = {isa = PBXBuildFile; fileRef = F02D9D171FA1B324004D096F /* HJPublishVC.m */; };
		F02D9D291FA1BCB5004D096F /* HJTabVC.m in Sources */ = {isa = PBXBuildFile; fileRef = F02D9D281FA1BCB5004D096F /* HJTabVC.m */; };
		F02D9D2D1FA1BFB6004D096F /* UIImage+Image.m in Sources */ = {isa = PBXBuildFile; fileRef = F02D9D2C1FA1BFB6004D096F /* UIImage+Image.m */; };
		F02D9D301FA1D5DE004D096F /* HJCustormTabBar.m in Sources */ = {isa = PBXBuildFile; fileRef = F02D9D2F1FA1D5DE004D096F /* HJCustormTabBar.m */; };
		F0466E4E1FA6CD5800987935 /* UPSHttpNetWorkTool.m in Sources */ = {isa = PBXBuildFile; fileRef = F0466E4D1FA6CD5800987935 /* UPSHttpNetWorkTool.m */; };
		F0466E511FA6CDBC00987935 /* HJNewModel.m in Sources */ = {isa = PBXBuildFile; fileRef = F0466E501FA6CDBC00987935 /* HJNewModel.m */; };
		F0466E541FA6CE2000987935 /* HJNewSubVC.m in Sources */ = {isa = PBXBuildFile; fileRef = F0466E531FA6CE2000987935 /* HJNewSubVC.m */; };
		F0466E581FA6D01100987935 /* HJNewSubCell.m in Sources */ = {isa = PBXBuildFile; fileRef = F0466E561FA6D01100987935 /* HJNewSubCell.m */; };
		F0466E591FA6D01100987935 /* HJNewSubCell.xib in Resources */ = {isa = PBXBuildFile; fileRef = F0466E571FA6D01100987935 /* HJNewSubCell.xib */; };
		F06817781FA72AC7009CDFC1 /* HJFastLoginView.m in Sources */ = {isa = PBXBuildFile; fileRef = F06817771FA72AC7009CDFC1 /* HJFastLoginView.m */; };
		F068177A1FA72ADD009CDFC1 /* HJFastLoginView.xib in Resources */ = {isa = PBXBuildFile; fileRef = F06817791FA72ADD009CDFC1 /* HJFastLoginView.xib */; };
		F068177D1FA72C4C009CDFC1 /* HJFastBtn.m in Sources */ = {isa = PBXBuildFile; fileRef = F068177C1FA72C4C009CDFC1 /* HJFastBtn.m */; };
		F08B546B1FA2D15800230624 /* UIView+Frame.m in Sources */ = {isa = PBXBuildFile; fileRef = F08B546A1FA2D15800230624 /* UIView+Frame.m */; };
		F08B546E1FA2D18400230624 /* UIBarButtonItem+item.m in Sources */ = {isa = PBXBuildFile; fileRef = F08B546D1FA2D18400230624 /* UIBarButtonItem+item.m */; };
		F08B54711FA2D42C00230624 /* HJNavVC.m in Sources */ = {isa = PBXBuildFile; fileRef = F08B54701FA2D42C00230624 /* HJNavVC.m */; };
		F08B54791FA2E5EC00230624 /* HJSettingVC.m in Sources */ = {isa = PBXBuildFile; fileRef = F08B54781FA2E5EC00230624 /* HJSettingVC.m */; };
		F08B54811FA326B200230624 /* HJADVC.m in Sources */ = {isa = PBXBuildFile; fileRef = F08B547F1FA326B200230624 /* HJADVC.m */; };
		F08B54821FA326B200230624 /* HJADVC.xib in Resources */ = {isa = PBXBuildFile; fileRef = F08B54801FA326B200230624 /* HJADVC.xib */; };
		F08B54851FA32E9200230624 /* HJADItemModel.m in Sources */ = {isa = PBXBuildFile; fileRef = F08B54841FA32E9200230624 /* HJADItemModel.m */; };
		F08BE8CC1FA8487D006D8F9D /* HJFriendTextField.m in Sources */ = {isa = PBXBuildFile; fileRef = F08BE8CB1FA8487D006D8F9D /* HJFriendTextField.m */; };
		F08BE8D51FA84CDA006D8F9D /* UITextField+Placeholder.m in Sources */ = {isa = PBXBuildFile; fileRef = F08BE8D41FA84CDA006D8F9D /* UITextField+Placeholder.m */; };
		F08BE8D71FA853CF006D8F9D /* HJMeVC.storyboard in Resources */ = {isa = PBXBuildFile; fileRef = F08BE8D61FA853CF006D8F9D /* HJMeVC.storyboard */; };
		F08BE8DB1FA8661E006D8F9D /* HJMeCell.m in Sources */ = {isa = PBXBuildFile; fileRef = F08BE8D91FA8661E006D8F9D /* HJMeCell.m */; };
		F08BE8DC1FA8661E006D8F9D /* HJMeCell.xib in Resources */ = {isa = PBXBuildFile; fileRef = F08BE8DA1FA8661E006D8F9D /* HJMeCell.xib */; };
		F08BE8DF1FA86AC9006D8F9D /* HJMeModel.m in Sources */ = {isa = PBXBuildFile; fileRef = F08BE8DE1FA86AC9006D8F9D /* HJMeModel.m */; };
		F08BE8E31FA87713006D8F9D /* HJWebVC.m in Sources */ = {isa = PBXBuildFile; fileRef = F08BE8E11FA87713006D8F9D /* HJWebVC.m */; };
		F08BE8E41FA87713006D8F9D /* HJWebVC.xib in Resources */ = {isa = PBXBuildFile; fileRef = F08BE8E21FA87713006D8F9D /* HJWebVC.xib */; };
		F0B681CE1FA706560072638A /* HJFriendTrendVC.xib in Resources */ = {isa = PBXBuildFile; fileRef = F0B681CD1FA706560072638A /* HJFriendTrendVC.xib */; };
		F0B681D21FA708680072638A /* HJLoginVC.m in Sources */ = {isa = PBXBuildFile; fileRef = F0B681D01FA708680072638A /* HJLoginVC.m */; };
		F0B681D31FA708680072638A /* HJLoginVC.xib in Resources */ = {isa = PBXBuildFile; fileRef = F0B681D11FA708680072638A /* HJLoginVC.xib */; };
		F0B681D61FA713320072638A /* HJRegisterLoginView.m in Sources */ = {isa = PBXBuildFile; fileRef = F0B681D51FA713320072638A /* HJRegisterLoginView.m */; };
		F0B681D81FA713430072638A /* HJRegisterLoginView.xib in Resources */ = {isa = PBXBuildFile; fileRef = F0B681D71FA713430072638A /* HJRegisterLoginView.xib */; };
		F0BF33E11FAAED7800444C7F /* HJEssenceModel.m in Sources */ = {isa = PBXBuildFile; fileRef = F0BF33E01FAAED7800444C7F /* HJEssenceModel.m */; };
		F0BF33E71FAB035A00444C7F /* NSObject+Log.m in Sources */ = {isa = PBXBuildFile; fileRef = F0BF33E41FAB035A00444C7F /* NSObject+Log.m */; };
		F0D2CD721FA9704400109201 /* FileTool.m in Sources */ = {isa = PBXBuildFile; fileRef = F0D2CD711FA9704400109201 /* FileTool.m */; };
		F0D2CDBD1FA999DF00109201 /* HJEssenseBtn.m in Sources */ = {isa = PBXBuildFile; fileRef = F0D2CDBC1FA999DF00109201 /* HJEssenseBtn.m */; };
		F0D2CDC01FA9A31000109201 /* HJAllVC.m in Sources */ = {isa = PBXBuildFile; fileRef = F0D2CDBF1FA9A31000109201 /* HJAllVC.m */; };
		F0D2CDC31FA9A33D00109201 /* HJVideoVC.m in Sources */ = {isa = PBXBuildFile; fileRef = F0D2CDC21FA9A33D00109201 /* HJVideoVC.m */; };
		F0D2CDC61FA9A35E00109201 /* HJVoiceVC.m in Sources */ = {isa = PBXBuildFile; fileRef = F0D2CDC51FA9A35E00109201 /* HJVoiceVC.m */; };
		F0D2CDC91FA9A37600109201 /* HJPictureVC.m in Sources */ = {isa = PBXBuildFile; fileRef = F0D2CDC81FA9A37600109201 /* HJPictureVC.m */; };
		F0D2CDCC1FA9A39C00109201 /* HJJokesVC.m in Sources */ = {isa = PBXBuildFile; fileRef = F0D2CDCB1FA9A39C00109201 /* HJJokesVC.m */; };
		F0D2CDD01FA9AB9300109201 /* HJConst.m in Sources */ = {isa = PBXBuildFile; fileRef = F0D2CDCF1FA9AB9300109201 /* HJConst.m */; };
/* End PBXBuildFile section */

/* Begin PBXFileReference section */
		2213C03210CCD64AE4F2C5B3 /* Pods-budejie.debug.xcconfig */ = {isa = PBXFileReference; includeInIndex = 1; lastKnownFileType = text.xcconfig; name = "Pods-budejie.debug.xcconfig"; path = "Pods/Target Support Files/Pods-budejie/Pods-budejie.debug.xcconfig"; sourceTree = "<group>"; };
		33DC92E9C4647197381A4F11 /* Pods-budejie.release.xcconfig */ = {isa = PBXFileReference; includeInIndex = 1; lastKnownFileType = text.xcconfig; name = "Pods-budejie.release.xcconfig"; path = "Pods/Target Support Files/Pods-budejie/Pods-budejie.release.xcconfig"; sourceTree = "<group>"; };
		C3B9E5032665C8DA2F23F265 /* libPods-budejie.a */ = {isa = PBXFileReference; explicitFileType = archive.ar; includeInIndex = 0; path = "libPods-budejie.a"; sourceTree = BUILT_PRODUCTS_DIR; };
		F0203E781FB1410F002733B5 /* HJTopicNewVC.h */ = {isa = PBXFileReference; lastKnownFileType = sourcecode.c.h; path = HJTopicNewVC.h; sourceTree = "<group>"; };
		F0203E791FB1410F002733B5 /* HJTopicNewVC.m */ = {isa = PBXFileReference; lastKnownFileType = sourcecode.c.objc; path = HJTopicNewVC.m; sourceTree = "<group>"; };
		F02D9CDB1FA1B2DF004D096F /* budejie.app */ = {isa = PBXFileReference; explicitFileType = wrapper.application; includeInIndex = 0; path = budejie.app; sourceTree = BUILT_PRODUCTS_DIR; };
		F02D9CDF1FA1B2DF004D096F /* main.m */ = {isa = PBXFileReference; lastKnownFileType = sourcecode.c.objc; path = main.m; sourceTree = "<group>"; };
		F02D9CE11FA1B2DF004D096F /* AppDelegate.h */ = {isa = PBXFileReference; lastKnownFileType = sourcecode.c.h; path = AppDelegate.h; sourceTree = "<group>"; };
		F02D9CE21FA1B2DF004D096F /* AppDelegate.m */ = {isa = PBXFileReference; lastKnownFileType = sourcecode.c.objc; path = AppDelegate.m; sourceTree = "<group>"; };
		F02D9CE81FA1B2DF004D096F /* Base */ = {isa = PBXFileReference; lastKnownFileType = file.storyboard; name = Base; path = Base.lproj/Main.storyboard; sourceTree = "<group>"; };
		F02D9CEB1FA1B2DF004D096F /* budejie.xcdatamodel */ = {isa = PBXFileReference; lastKnownFileType = wrapper.xcdatamodel; path = budejie.xcdatamodel; sourceTree = "<group>"; };
		F02D9CED1FA1B2DF004D096F /* Assets.xcassets */ = {isa = PBXFileReference; lastKnownFileType = folder.assetcatalog; path = Assets.xcassets; sourceTree = "<group>"; };
		F02D9CF01FA1B2DF004D096F /* Base */ = {isa = PBXFileReference; lastKnownFileType = file.storyboard; name = Base; path = Base.lproj/LaunchScreen.storyboard; sourceTree = "<group>"; };
		F02D9CF21FA1B2DF004D096F /* Info.plist */ = {isa = PBXFileReference; lastKnownFileType = text.plist.xml; path = Info.plist; sourceTree = "<group>"; };
		F02D9CFB1FA1B324004D096F /* HJEssenceVC.m */ = {isa = PBXFileReference; fileEncoding = 4; lastKnownFileType = sourcecode.c.objc; path = HJEssenceVC.m; sourceTree = "<group>"; };
		F02D9CFC1FA1B324004D096F /* HJEssenceVC.h */ = {isa = PBXFileReference; fileEncoding = 4; lastKnownFileType = sourcecode.c.h; path = HJEssenceVC.h; sourceTree = "<group>"; };
		F02D9D051FA1B324004D096F /* HJNewVC.m */ = {isa = PBXFileReference; fileEncoding = 4; lastKnownFileType = sourcecode.c.objc; path = HJNewVC.m; sourceTree = "<group>"; };
		F02D9D061FA1B324004D096F /* HJNewVC.h */ = {isa = PBXFileReference; fileEncoding = 4; lastKnownFileType = sourcecode.c.h; path = HJNewVC.h; sourceTree = "<group>"; };
		F02D9D0B1FA1B324004D096F /* HJFriendTrendVC.m */ = {isa = PBXFileReference; fileEncoding = 4; lastKnownFileType = sourcecode.c.objc; path = HJFriendTrendVC.m; sourceTree = "<group>"; };
		F02D9D0C1FA1B324004D096F /* HJFriendTrendVC.h */ = {isa = PBXFileReference; fileEncoding = 4; lastKnownFileType = sourcecode.c.h; path = HJFriendTrendVC.h; sourceTree = "<group>"; };
		F02D9D111FA1B324004D096F /* HJMeVC.m */ = {isa = PBXFileReference; fileEncoding = 4; lastKnownFileType = sourcecode.c.objc; path = HJMeVC.m; sourceTree = "<group>"; };
		F02D9D121FA1B324004D096F /* HJMeVC.h */ = {isa = PBXFileReference; fileEncoding = 4; lastKnownFileType = sourcecode.c.h; path = HJMeVC.h; sourceTree = "<group>"; };
		F02D9D171FA1B324004D096F /* HJPublishVC.m */ = {isa = PBXFileReference; fileEncoding = 4; lastKnownFileType = sourcecode.c.objc; path = HJPublishVC.m; sourceTree = "<group>"; };
		F02D9D181FA1B324004D096F /* HJPublishVC.h */ = {isa = PBXFileReference; fileEncoding = 4; lastKnownFileType = sourcecode.c.h; path = HJPublishVC.h; sourceTree = "<group>"; };
		F02D9D271FA1BCB5004D096F /* HJTabVC.h */ = {isa = PBXFileReference; fileEncoding = 4; lastKnownFileType = sourcecode.c.h; path = HJTabVC.h; sourceTree = "<group>"; };
		F02D9D281FA1BCB5004D096F /* HJTabVC.m */ = {isa = PBXFileReference; fileEncoding = 4; lastKnownFileType = sourcecode.c.objc; path = HJTabVC.m; sourceTree = "<group>"; };
		F02D9D2B1FA1BFB6004D096F /* UIImage+Image.h */ = {isa = PBXFileReference; fileEncoding = 4; lastKnownFileType = sourcecode.c.h; path = "UIImage+Image.h"; sourceTree = "<group>"; };
		F02D9D2C1FA1BFB6004D096F /* UIImage+Image.m */ = {isa = PBXFileReference; fileEncoding = 4; lastKnownFileType = sourcecode.c.objc; path = "UIImage+Image.m"; sourceTree = "<group>"; };
		F02D9D2E1FA1D5DE004D096F /* HJCustormTabBar.h */ = {isa = PBXFileReference; fileEncoding = 4; lastKnownFileType = sourcecode.c.h; path = HJCustormTabBar.h; sourceTree = "<group>"; };
		F02D9D2F1FA1D5DE004D096F /* HJCustormTabBar.m */ = {isa = PBXFileReference; fileEncoding = 4; lastKnownFileType = sourcecode.c.objc; path = HJCustormTabBar.m; sourceTree = "<group>"; };
		F0466E4C1FA6CD5800987935 /* UPSHttpNetWorkTool.h */ = {isa = PBXFileReference; fileEncoding = 4; lastKnownFileType = sourcecode.c.h; path = UPSHttpNetWorkTool.h; sourceTree = "<group>"; };
		F0466E4D1FA6CD5800987935 /* UPSHttpNetWorkTool.m */ = {isa = PBXFileReference; fileEncoding = 4; lastKnownFileType = sourcecode.c.objc; path = UPSHttpNetWorkTool.m; sourceTree = "<group>"; };
		F0466E4F1FA6CDBC00987935 /* HJNewModel.h */ = {isa = PBXFileReference; fileEncoding = 4; lastKnownFileType = sourcecode.c.h; path = HJNewModel.h; sourceTree = "<group>"; };
		F0466E501FA6CDBC00987935 /* HJNewModel.m */ = {isa = PBXFileReference; fileEncoding = 4; lastKnownFileType = sourcecode.c.objc; path = HJNewModel.m; sourceTree = "<group>"; };
		F0466E521FA6CE2000987935 /* HJNewSubVC.h */ = {isa = PBXFileReference; fileEncoding = 4; lastKnownFileType = sourcecode.c.h; path = HJNewSubVC.h; sourceTree = "<group>"; };
		F0466E531FA6CE2000987935 /* HJNewSubVC.m */ = {isa = PBXFileReference; fileEncoding = 4; lastKnownFileType = sourcecode.c.objc; path = HJNewSubVC.m; sourceTree = "<group>"; };
		F0466E551FA6D01100987935 /* HJNewSubCell.h */ = {isa = PBXFileReference; fileEncoding = 4; lastKnownFileType = sourcecode.c.h; path = HJNewSubCell.h; sourceTree = "<group>"; };
		F0466E561FA6D01100987935 /* HJNewSubCell.m */ = {isa = PBXFileReference; fileEncoding = 4; lastKnownFileType = sourcecode.c.objc; path = HJNewSubCell.m; sourceTree = "<group>"; };
		F0466E571FA6D01100987935 /* HJNewSubCell.xib */ = {isa = PBXFileReference; fileEncoding = 4; lastKnownFileType = file.xib; path = HJNewSubCell.xib; sourceTree = "<group>"; };
		F06817761FA72AC7009CDFC1 /* HJFastLoginView.h */ = {isa = PBXFileReference; fileEncoding = 4; lastKnownFileType = sourcecode.c.h; path = HJFastLoginView.h; sourceTree = "<group>"; };
		F06817771FA72AC7009CDFC1 /* HJFastLoginView.m */ = {isa = PBXFileReference; fileEncoding = 4; lastKnownFileType = sourcecode.c.objc; path = HJFastLoginView.m; sourceTree = "<group>"; };
		F06817791FA72ADD009CDFC1 /* HJFastLoginView.xib */ = {isa = PBXFileReference; fileEncoding = 4; lastKnownFileType = file.xib; path = HJFastLoginView.xib; sourceTree = "<group>"; };
		F068177B1FA72C4C009CDFC1 /* HJFastBtn.h */ = {isa = PBXFileReference; fileEncoding = 4; lastKnownFileType = sourcecode.c.h; path = HJFastBtn.h; sourceTree = "<group>"; };
		F068177C1FA72C4C009CDFC1 /* HJFastBtn.m */ = {isa = PBXFileReference; fileEncoding = 4; lastKnownFileType = sourcecode.c.objc; path = HJFastBtn.m; sourceTree = "<group>"; };
		F08B54691FA2D15800230624 /* UIView+Frame.h */ = {isa = PBXFileReference; fileEncoding = 4; lastKnownFileType = sourcecode.c.h; path = "UIView+Frame.h"; sourceTree = "<group>"; };
		F08B546A1FA2D15800230624 /* UIView+Frame.m */ = {isa = PBXFileReference; fileEncoding = 4; lastKnownFileType = sourcecode.c.objc; path = "UIView+Frame.m"; sourceTree = "<group>"; };
		F08B546C1FA2D18400230624 /* UIBarButtonItem+item.h */ = {isa = PBXFileReference; fileEncoding = 4; lastKnownFileType = sourcecode.c.h; path = "UIBarButtonItem+item.h"; sourceTree = "<group>"; };
		F08B546D1FA2D18400230624 /* UIBarButtonItem+item.m */ = {isa = PBXFileReference; fileEncoding = 4; lastKnownFileType = sourcecode.c.objc; path = "UIBarButtonItem+item.m"; sourceTree = "<group>"; };
		F08B546F1FA2D42C00230624 /* HJNavVC.h */ = {isa = PBXFileReference; fileEncoding = 4; lastKnownFileType = sourcecode.c.h; path = HJNavVC.h; sourceTree = "<group>"; };
		F08B54701FA2D42C00230624 /* HJNavVC.m */ = {isa = PBXFileReference; fileEncoding = 4; lastKnownFileType = sourcecode.c.objc; path = HJNavVC.m; sourceTree = "<group>"; };
		F08B54721FA2D7CA00230624 /* budejie.pch */ = {isa = PBXFileReference; lastKnownFileType = sourcecode.c.h; path = budejie.pch; sourceTree = "<group>"; };
		F08B54771FA2E5EC00230624 /* HJSettingVC.h */ = {isa = PBXFileReference; fileEncoding = 4; lastKnownFileType = sourcecode.c.h; path = HJSettingVC.h; sourceTree = "<group>"; };
		F08B54781FA2E5EC00230624 /* HJSettingVC.m */ = {isa = PBXFileReference; fileEncoding = 4; lastKnownFileType = sourcecode.c.objc; path = HJSettingVC.m; sourceTree = "<group>"; };
		F08B547E1FA326B200230624 /* HJADVC.h */ = {isa = PBXFileReference; fileEncoding = 4; lastKnownFileType = sourcecode.c.h; path = HJADVC.h; sourceTree = "<group>"; };
		F08B547F1FA326B200230624 /* HJADVC.m */ = {isa = PBXFileReference; fileEncoding = 4; lastKnownFileType = sourcecode.c.objc; path = HJADVC.m; sourceTree = "<group>"; };
		F08B54801FA326B200230624 /* HJADVC.xib */ = {isa = PBXFileReference; fileEncoding = 4; lastKnownFileType = file.xib; path = HJADVC.xib; sourceTree = "<group>"; };
		F08B54831FA32E9200230624 /* HJADItemModel.h */ = {isa = PBXFileReference; fileEncoding = 4; lastKnownFileType = sourcecode.c.h; path = HJADItemModel.h; sourceTree = "<group>"; };
		F08B54841FA32E9200230624 /* HJADItemModel.m */ = {isa = PBXFileReference; fileEncoding = 4; lastKnownFileType = sourcecode.c.objc; path = HJADItemModel.m; sourceTree = "<group>"; };
		F08BE8CA1FA8487D006D8F9D /* HJFriendTextField.h */ = {isa = PBXFileReference; fileEncoding = 4; lastKnownFileType = sourcecode.c.h; path = HJFriendTextField.h; sourceTree = "<group>"; };
		F08BE8CB1FA8487D006D8F9D /* HJFriendTextField.m */ = {isa = PBXFileReference; fileEncoding = 4; lastKnownFileType = sourcecode.c.objc; path = HJFriendTextField.m; sourceTree = "<group>"; };
		F08BE8D31FA84CDA006D8F9D /* UITextField+Placeholder.h */ = {isa = PBXFileReference; fileEncoding = 4; lastKnownFileType = sourcecode.c.h; path = "UITextField+Placeholder.h"; sourceTree = "<group>"; };
		F08BE8D41FA84CDA006D8F9D /* UITextField+Placeholder.m */ = {isa = PBXFileReference; fileEncoding = 4; lastKnownFileType = sourcecode.c.objc; path = "UITextField+Placeholder.m"; sourceTree = "<group>"; };
		F08BE8D61FA853CF006D8F9D /* HJMeVC.storyboard */ = {isa = PBXFileReference; fileEncoding = 4; lastKnownFileType = file.storyboard; path = HJMeVC.storyboard; sourceTree = "<group>"; };
		F08BE8D81FA8661E006D8F9D /* HJMeCell.h */ = {isa = PBXFileReference; fileEncoding = 4; lastKnownFileType = sourcecode.c.h; path = HJMeCell.h; sourceTree = "<group>"; };
		F08BE8D91FA8661E006D8F9D /* HJMeCell.m */ = {isa = PBXFileReference; fileEncoding = 4; lastKnownFileType = sourcecode.c.objc; path = HJMeCell.m; sourceTree = "<group>"; };
		F08BE8DA1FA8661E006D8F9D /* HJMeCell.xib */ = {isa = PBXFileReference; fileEncoding = 4; lastKnownFileType = file.xib; path = HJMeCell.xib; sourceTree = "<group>"; };
		F08BE8DD1FA86AC9006D8F9D /* HJMeModel.h */ = {isa = PBXFileReference; fileEncoding = 4; lastKnownFileType = sourcecode.c.h; path = HJMeModel.h; sourceTree = "<group>"; };
		F08BE8DE1FA86AC9006D8F9D /* HJMeModel.m */ = {isa = PBXFileReference; fileEncoding = 4; lastKnownFileType = sourcecode.c.objc; path = HJMeModel.m; sourceTree = "<group>"; };
		F08BE8E01FA87713006D8F9D /* HJWebVC.h */ = {isa = PBXFileReference; fileEncoding = 4; lastKnownFileType = sourcecode.c.h; path = HJWebVC.h; sourceTree = "<group>"; };
		F08BE8E11FA87713006D8F9D /* HJWebVC.m */ = {isa = PBXFileReference; fileEncoding = 4; lastKnownFileType = sourcecode.c.objc; path = HJWebVC.m; sourceTree = "<group>"; };
		F08BE8E21FA87713006D8F9D /* HJWebVC.xib */ = {isa = PBXFileReference; fileEncoding = 4; lastKnownFileType = file.xib; path = HJWebVC.xib; sourceTree = "<group>"; };
		F0B681CD1FA706560072638A /* HJFriendTrendVC.xib */ = {isa = PBXFileReference; fileEncoding = 4; lastKnownFileType = file.xib; path = HJFriendTrendVC.xib; sourceTree = "<group>"; };
		F0B681CF1FA708680072638A /* HJLoginVC.h */ = {isa = PBXFileReference; fileEncoding = 4; lastKnownFileType = sourcecode.c.h; path = HJLoginVC.h; sourceTree = "<group>"; };
		F0B681D01FA708680072638A /* HJLoginVC.m */ = {isa = PBXFileReference; fileEncoding = 4; lastKnownFileType = sourcecode.c.objc; path = HJLoginVC.m; sourceTree = "<group>"; };
		F0B681D11FA708680072638A /* HJLoginVC.xib */ = {isa = PBXFileReference; fileEncoding = 4; lastKnownFileType = file.xib; path = HJLoginVC.xib; sourceTree = "<group>"; };
		F0B681D41FA713320072638A /* HJRegisterLoginView.h */ = {isa = PBXFileReference; fileEncoding = 4; lastKnownFileType = sourcecode.c.h; path = HJRegisterLoginView.h; sourceTree = "<group>"; };
		F0B681D51FA713320072638A /* HJRegisterLoginView.m */ = {isa = PBXFileReference; fileEncoding = 4; lastKnownFileType = sourcecode.c.objc; path = HJRegisterLoginView.m; sourceTree = "<group>"; };
		F0B681D71FA713430072638A /* HJRegisterLoginView.xib */ = {isa = PBXFileReference; fileEncoding = 4; lastKnownFileType = file.xib; path = HJRegisterLoginView.xib; sourceTree = "<group>"; };
		F0BF33DF1FAAED7800444C7F /* HJEssenceModel.h */ = {isa = PBXFileReference; fileEncoding = 4; lastKnownFileType = sourcecode.c.h; path = HJEssenceModel.h; sourceTree = "<group>"; };
		F0BF33E01FAAED7800444C7F /* HJEssenceModel.m */ = {isa = PBXFileReference; fileEncoding = 4; lastKnownFileType = sourcecode.c.objc; path = HJEssenceModel.m; sourceTree = "<group>"; };
		F0BF33E41FAB035A00444C7F /* NSObject+Log.m */ = {isa = PBXFileReference; fileEncoding = 4; lastKnownFileType = sourcecode.c.objc; path = "NSObject+Log.m"; sourceTree = "<group>"; };
		F0BF33E61FAB035A00444C7F /* NSObject+Log.h */ = {isa = PBXFileReference; fileEncoding = 4; lastKnownFileType = sourcecode.c.h; path = "NSObject+Log.h"; sourceTree = "<group>"; };
		F0D2CD701FA9704400109201 /* FileTool.h */ = {isa = PBXFileReference; fileEncoding = 4; lastKnownFileType = sourcecode.c.h; path = FileTool.h; sourceTree = "<group>"; };
		F0D2CD711FA9704400109201 /* FileTool.m */ = {isa = PBXFileReference; fileEncoding = 4; lastKnownFileType = sourcecode.c.objc; path = FileTool.m; sourceTree = "<group>"; };
		F0D2CDBB1FA999DF00109201 /* HJEssenseBtn.h */ = {isa = PBXFileReference; fileEncoding = 4; lastKnownFileType = sourcecode.c.h; path = HJEssenseBtn.h; sourceTree = "<group>"; };
		F0D2CDBC1FA999DF00109201 /* HJEssenseBtn.m */ = {isa = PBXFileReference; fileEncoding = 4; lastKnownFileType = sourcecode.c.objc; path = HJEssenseBtn.m; sourceTree = "<group>"; };
		F0D2CDBE1FA9A31000109201 /* HJAllVC.h */ = {isa = PBXFileReference; fileEncoding = 4; lastKnownFileType = sourcecode.c.h; path = HJAllVC.h; sourceTree = "<group>"; };
		F0D2CDBF1FA9A31000109201 /* HJAllVC.m */ = {isa = PBXFileReference; fileEncoding = 4; lastKnownFileType = sourcecode.c.objc; path = HJAllVC.m; sourceTree = "<group>"; };
		F0D2CDC11FA9A33D00109201 /* HJVideoVC.h */ = {isa = PBXFileReference; fileEncoding = 4; lastKnownFileType = sourcecode.c.h; path = HJVideoVC.h; sourceTree = "<group>"; };
		F0D2CDC21FA9A33D00109201 /* HJVideoVC.m */ = {isa = PBXFileReference; fileEncoding = 4; lastKnownFileType = sourcecode.c.objc; path = HJVideoVC.m; sourceTree = "<group>"; };
		F0D2CDC41FA9A35E00109201 /* HJVoiceVC.h */ = {isa = PBXFileReference; fileEncoding = 4; lastKnownFileType = sourcecode.c.h; path = HJVoiceVC.h; sourceTree = "<group>"; };
		F0D2CDC51FA9A35E00109201 /* HJVoiceVC.m */ = {isa = PBXFileReference; fileEncoding = 4; lastKnownFileType = sourcecode.c.objc; path = HJVoiceVC.m; sourceTree = "<group>"; };
		F0D2CDC71FA9A37600109201 /* HJPictureVC.h */ = {isa = PBXFileReference; fileEncoding = 4; lastKnownFileType = sourcecode.c.h; path = HJPictureVC.h; sourceTree = "<group>"; };
		F0D2CDC81FA9A37600109201 /* HJPictureVC.m */ = {isa = PBXFileReference; fileEncoding = 4; lastKnownFileType = sourcecode.c.objc; path = HJPictureVC.m; sourceTree = "<group>"; };
		F0D2CDCA1FA9A39C00109201 /* HJJokesVC.h */ = {isa = PBXFileReference; fileEncoding = 4; lastKnownFileType = sourcecode.c.h; path = HJJokesVC.h; sourceTree = "<group>"; };
		F0D2CDCB1FA9A39C00109201 /* HJJokesVC.m */ = {isa = PBXFileReference; fileEncoding = 4; lastKnownFileType = sourcecode.c.objc; path = HJJokesVC.m; sourceTree = "<group>"; };
		F0D2CDCE1FA9AB9300109201 /* HJConst.h */ = {isa = PBXFileReference; fileEncoding = 4; lastKnownFileType = sourcecode.c.h; path = HJConst.h; sourceTree = "<group>"; };
		F0D2CDCF1FA9AB9300109201 /* HJConst.m */ = {isa = PBXFileReference; fileEncoding = 4; lastKnownFileType = sourcecode.c.objc; path = HJConst.m; sourceTree = "<group>"; };
/* End PBXFileReference section */

/* Begin PBXFrameworksBuildPhase section */
		F02D9CD81FA1B2DF004D096F /* Frameworks */ = {
			isa = PBXFrameworksBuildPhase;
			buildActionMask = 2147483647;
			files = (
				D80409151680D8124A08736B /* libPods-budejie.a in Frameworks */,
			);
			runOnlyForDeploymentPostprocessing = 0;
		};
/* End PBXFrameworksBuildPhase section */

/* Begin PBXGroup section */
		35D1AA28495F4DB3AD49B95A /* Pods */ = {
			isa = PBXGroup;
			children = (
				2213C03210CCD64AE4F2C5B3 /* Pods-budejie.debug.xcconfig */,
				33DC92E9C4647197381A4F11 /* Pods-budejie.release.xcconfig */,
			);
			name = Pods;
			sourceTree = "<group>";
		};
		5A9A548263876A242B0F1086 /* Frameworks */ = {
			isa = PBXGroup;
			children = (
				C3B9E5032665C8DA2F23F265 /* libPods-budejie.a */,
			);
			name = Frameworks;
			sourceTree = "<group>";
		};
		F02D9CD21FA1B2DF004D096F = {
			isa = PBXGroup;
			children = (
				F02D9CDD1FA1B2DF004D096F /* budejie */,
				F02D9CDC1FA1B2DF004D096F /* Products */,
				35D1AA28495F4DB3AD49B95A /* Pods */,
				5A9A548263876A242B0F1086 /* Frameworks */,
			);
			sourceTree = "<group>";
		};
		F02D9CDC1FA1B2DF004D096F /* Products */ = {
			isa = PBXGroup;
			children = (
				F02D9CDB1FA1B2DF004D096F /* budejie.app */,
			);
			name = Products;
			sourceTree = "<group>";
		};
		F02D9CDD1FA1B2DF004D096F /* budejie */ = {
			isa = PBXGroup;
			children = (
				F02D9CE11FA1B2DF004D096F /* AppDelegate.h */,
				F02D9CE21FA1B2DF004D096F /* AppDelegate.m */,
				F08B54721FA2D7CA00230624 /* budejie.pch */,
				F02D9CF81FA1B324004D096F /* Classes */,
				F02D9CE71FA1B2DF004D096F /* Main.storyboard */,
				F02D9CED1FA1B2DF004D096F /* Assets.xcassets */,
				F02D9CEF1FA1B2DF004D096F /* LaunchScreen.storyboard */,
				F02D9CF21FA1B2DF004D096F /* Info.plist */,
				F02D9CEA1FA1B2DF004D096F /* budejie.xcdatamodeld */,
				F02D9CDE1FA1B2DF004D096F /* Supporting Files */,
			);
			path = budejie;
			sourceTree = "<group>";
		};
		F02D9CDE1FA1B2DF004D096F /* Supporting Files */ = {
			isa = PBXGroup;
			children = (
				F02D9CDF1FA1B2DF004D096F /* main.m */,
			);
			name = "Supporting Files";
			sourceTree = "<group>";
		};
		F02D9CF81FA1B324004D096F /* Classes */ = {
			isa = PBXGroup;
			children = (
				F0466E4B1FA6CD3A00987935 /* Tool */,
				F08B547A1FA3261B00230624 /* AD(广告) */,
				F02D9D231FA1BC46004D096F /* Main */,
				F08B54731FA2E5AD00230624 /* Setting(设置) */,
				F02D9CF91FA1B324004D096F /* Essence(精华) */,
				F02D9D031FA1B324004D096F /* New(新帖) */,
				F02D9D091FA1B324004D096F /* FriendTrend(关注) */,
				F02D9D0F1FA1B324004D096F /* Me(我) */,
				F02D9D151FA1B324004D096F /* Publish(发布) */,
				F02D9CFF1FA1B324004D096F /* Other */,
			);
			path = Classes;
			sourceTree = "<group>";
		};
		F02D9CF91FA1B324004D096F /* Essence(精华) */ = {
			isa = PBXGroup;
			children = (
				F0203E781FB1410F002733B5 /* HJTopicNewVC.h */,
				F0203E791FB1410F002733B5 /* HJTopicNewVC.m */,
				F02D9CFA1FA1B324004D096F /* Controller */,
				F0BF33DD1FAAECE900444C7F /* Model */,
				F0466E421FA6C9A900987935 /* View */,
			);
			path = "Essence(精华)";
			sourceTree = "<group>";
		};
		F02D9CFA1FA1B324004D096F /* Controller */ = {
			isa = PBXGroup;
			children = (
				F02D9CFC1FA1B324004D096F /* HJEssenceVC.h */,
				F02D9CFB1FA1B324004D096F /* HJEssenceVC.m */,
				F0D2CDBE1FA9A31000109201 /* HJAllVC.h */,
				F0D2CDBF1FA9A31000109201 /* HJAllVC.m */,
				F0D2CDC11FA9A33D00109201 /* HJVideoVC.h */,
				F0D2CDC21FA9A33D00109201 /* HJVideoVC.m */,
				F0D2CDC41FA9A35E00109201 /* HJVoiceVC.h */,
				F0D2CDC51FA9A35E00109201 /* HJVoiceVC.m */,
				F0D2CDC71FA9A37600109201 /* HJPictureVC.h */,
				F0D2CDC81FA9A37600109201 /* HJPictureVC.m */,
				F0D2CDCA1FA9A39C00109201 /* HJJokesVC.h */,
				F0D2CDCB1FA9A39C00109201 /* HJJokesVC.m */,
			);
			path = Controller;
			sourceTree = "<group>";
		};
		F02D9CFF1FA1B324004D096F /* Other */ = {
			isa = PBXGroup;
			children = (
				F02D9D2A1FA1BF3F004D096F /* Category */,
			);
			path = Other;
			sourceTree = "<group>";
		};
		F02D9D031FA1B324004D096F /* New(新帖) */ = {
			isa = PBXGroup;
			children = (
				F02D9D041FA1B324004D096F /* Controller */,
				F0466E451FA6CA0700987935 /* Model */,
				F0466E461FA6CA0700987935 /* View */,
			);
			path = "New(新帖)";
			sourceTree = "<group>";
		};
		F02D9D041FA1B324004D096F /* Controller */ = {
			isa = PBXGroup;
			children = (
				F02D9D061FA1B324004D096F /* HJNewVC.h */,
				F02D9D051FA1B324004D096F /* HJNewVC.m */,
				F0466E521FA6CE2000987935 /* HJNewSubVC.h */,
				F0466E531FA6CE2000987935 /* HJNewSubVC.m */,
			);
			path = Controller;
			sourceTree = "<group>";
		};
		F02D9D091FA1B324004D096F /* FriendTrend(关注) */ = {
			isa = PBXGroup;
			children = (
				F02D9D0A1FA1B324004D096F /* Controller */,
				F0BF33DC1FAAECD600444C7F /* Model */,
				F0466E441FA6C9BC00987935 /* View */,
			);
			path = "FriendTrend(关注)";
			sourceTree = "<group>";
		};
		F02D9D0A1FA1B324004D096F /* Controller */ = {
			isa = PBXGroup;
			children = (
				F02D9D0C1FA1B324004D096F /* HJFriendTrendVC.h */,
				F02D9D0B1FA1B324004D096F /* HJFriendTrendVC.m */,
				F0B681CD1FA706560072638A /* HJFriendTrendVC.xib */,
				F0B681CF1FA708680072638A /* HJLoginVC.h */,
				F0B681D01FA708680072638A /* HJLoginVC.m */,
				F0B681D11FA708680072638A /* HJLoginVC.xib */,
			);
			path = Controller;
			sourceTree = "<group>";
		};
		F02D9D0F1FA1B324004D096F /* Me(我) */ = {
			isa = PBXGroup;
			children = (
				F02D9D101FA1B324004D096F /* Controller */,
				F0466E491FA6CA3B00987935 /* Model */,
				F0466E4A1FA6CA3B00987935 /* View */,
			);
			path = "Me(我)";
			sourceTree = "<group>";
		};
		F02D9D101FA1B324004D096F /* Controller */ = {
			isa = PBXGroup;
			children = (
				F02D9D121FA1B324004D096F /* HJMeVC.h */,
				F02D9D111FA1B324004D096F /* HJMeVC.m */,
				F08BE8D61FA853CF006D8F9D /* HJMeVC.storyboard */,
				F08BE8E01FA87713006D8F9D /* HJWebVC.h */,
				F08BE8E11FA87713006D8F9D /* HJWebVC.m */,
				F08BE8E21FA87713006D8F9D /* HJWebVC.xib */,
			);
			path = Controller;
			sourceTree = "<group>";
		};
		F02D9D151FA1B324004D096F /* Publish(发布) */ = {
			isa = PBXGroup;
			children = (
				F02D9D161FA1B324004D096F /* Controller */,
				F0BF33DA1FAAEC7C00444C7F /* Model */,
				F0BF33D91FAAEC6F00444C7F /* View */,
			);
			path = "Publish(发布)";
			sourceTree = "<group>";
		};
		F02D9D161FA1B324004D096F /* Controller */ = {
			isa = PBXGroup;
			children = (
				F02D9D181FA1B324004D096F /* HJPublishVC.h */,
				F02D9D171FA1B324004D096F /* HJPublishVC.m */,
			);
			path = Controller;
			sourceTree = "<group>";
		};
		F02D9D231FA1BC46004D096F /* Main */ = {
			isa = PBXGroup;
			children = (
				F02D9D241FA1BC46004D096F /* Controller */,
				F0BF33D81FAAEC4D00444C7F /* Model */,
				F02D9D261FA1BC46004D096F /* View */,
			);
			path = Main;
			sourceTree = "<group>";
		};
		F02D9D241FA1BC46004D096F /* Controller */ = {
			isa = PBXGroup;
			children = (
				F02D9D271FA1BCB5004D096F /* HJTabVC.h */,
				F02D9D281FA1BCB5004D096F /* HJTabVC.m */,
				F08B546F1FA2D42C00230624 /* HJNavVC.h */,
				F08B54701FA2D42C00230624 /* HJNavVC.m */,
			);
			path = Controller;
			sourceTree = "<group>";
		};
		F02D9D261FA1BC46004D096F /* View */ = {
			isa = PBXGroup;
			children = (
				F02D9D2E1FA1D5DE004D096F /* HJCustormTabBar.h */,
				F02D9D2F1FA1D5DE004D096F /* HJCustormTabBar.m */,
			);
			path = View;
			sourceTree = "<group>";
		};
		F02D9D2A1FA1BF3F004D096F /* Category */ = {
			isa = PBXGroup;
			children = (
				F08B54691FA2D15800230624 /* UIView+Frame.h */,
				F08B546A1FA2D15800230624 /* UIView+Frame.m */,
				F02D9D2B1FA1BFB6004D096F /* UIImage+Image.h */,
				F02D9D2C1FA1BFB6004D096F /* UIImage+Image.m */,
				F08B546C1FA2D18400230624 /* UIBarButtonItem+item.h */,
				F08B546D1FA2D18400230624 /* UIBarButtonItem+item.m */,
				F08BE8D31FA84CDA006D8F9D /* UITextField+Placeholder.h */,
				F08BE8D41FA84CDA006D8F9D /* UITextField+Placeholder.m */,
				F0D2CDCE1FA9AB9300109201 /* HJConst.h */,
				F0D2CDCF1FA9AB9300109201 /* HJConst.m */,
			);
			path = Category;
			sourceTree = "<group>";
		};
		F0466E421FA6C9A900987935 /* View */ = {
			isa = PBXGroup;
			children = (
				F0D2CDBB1FA999DF00109201 /* HJEssenseBtn.h */,
				F0D2CDBC1FA999DF00109201 /* HJEssenseBtn.m */,
			);
			path = View;
			sourceTree = "<group>";
		};
		F0466E441FA6C9BC00987935 /* View */ = {
			isa = PBXGroup;
			children = (
				F0B681D41FA713320072638A /* HJRegisterLoginView.h */,
				F0B681D51FA713320072638A /* HJRegisterLoginView.m */,
				F0B681D71FA713430072638A /* HJRegisterLoginView.xib */,
				F06817761FA72AC7009CDFC1 /* HJFastLoginView.h */,
				F06817771FA72AC7009CDFC1 /* HJFastLoginView.m */,
				F06817791FA72ADD009CDFC1 /* HJFastLoginView.xib */,
				F068177B1FA72C4C009CDFC1 /* HJFastBtn.h */,
				F068177C1FA72C4C009CDFC1 /* HJFastBtn.m */,
				F08BE8CA1FA8487D006D8F9D /* HJFriendTextField.h */,
				F08BE8CB1FA8487D006D8F9D /* HJFriendTextField.m */,
			);
			path = View;
			sourceTree = "<group>";
		};
		F0466E451FA6CA0700987935 /* Model */ = {
			isa = PBXGroup;
			children = (
				F0466E4F1FA6CDBC00987935 /* HJNewModel.h */,
				F0466E501FA6CDBC00987935 /* HJNewModel.m */,
			);
			path = Model;
			sourceTree = "<group>";
		};
		F0466E461FA6CA0700987935 /* View */ = {
			isa = PBXGroup;
			children = (
				F0466E551FA6D01100987935 /* HJNewSubCell.h */,
				F0466E561FA6D01100987935 /* HJNewSubCell.m */,
				F0466E571FA6D01100987935 /* HJNewSubCell.xib */,
			);
			path = View;
			sourceTree = "<group>";
		};
		F0466E491FA6CA3B00987935 /* Model */ = {
			isa = PBXGroup;
			children = (
				F08BE8DD1FA86AC9006D8F9D /* HJMeModel.h */,
				F08BE8DE1FA86AC9006D8F9D /* HJMeModel.m */,
			);
			path = Model;
			sourceTree = "<group>";
		};
		F0466E4A1FA6CA3B00987935 /* View */ = {
			isa = PBXGroup;
			children = (
				F08BE8D81FA8661E006D8F9D /* HJMeCell.h */,
				F08BE8D91FA8661E006D8F9D /* HJMeCell.m */,
				F08BE8DA1FA8661E006D8F9D /* HJMeCell.xib */,
			);
			path = View;
			sourceTree = "<group>";
		};
		F0466E4B1FA6CD3A00987935 /* Tool */ = {
			isa = PBXGroup;
			children = (
				F0BF33E21FAB035A00444C7F /* Log */,
				F0466E4C1FA6CD5800987935 /* UPSHttpNetWorkTool.h */,
				F0466E4D1FA6CD5800987935 /* UPSHttpNetWorkTool.m */,
				F0D2CD701FA9704400109201 /* FileTool.h */,
				F0D2CD711FA9704400109201 /* FileTool.m */,
			);
			path = Tool;
			sourceTree = "<group>";
		};
		F08B54731FA2E5AD00230624 /* Setting(设置) */ = {
			isa = PBXGroup;
			children = (
				F08B54741FA2E5AD00230624 /* Controller */,
				F0BF33DE1FAAED0300444C7F /* Model */,
				F0BF33DB1FAAECBB00444C7F /* View */,
			);
			path = "Setting(设置)";
			sourceTree = "<group>";
		};
		F08B54741FA2E5AD00230624 /* Controller */ = {
			isa = PBXGroup;
			children = (
				F08B54771FA2E5EC00230624 /* HJSettingVC.h */,
				F08B54781FA2E5EC00230624 /* HJSettingVC.m */,
			);
			path = Controller;
			sourceTree = "<group>";
		};
		F08B547A1FA3261B00230624 /* AD(广告) */ = {
			isa = PBXGroup;
			children = (
				F08B547B1FA3261B00230624 /* Controller */,
				F08B547C1FA3261B00230624 /* Model */,
				F08B547D1FA3261B00230624 /* View */,
			);
			path = "AD(广告)";
			sourceTree = "<group>";
		};
		F08B547B1FA3261B00230624 /* Controller */ = {
			isa = PBXGroup;
			children = (
				F08B547E1FA326B200230624 /* HJADVC.h */,
				F08B547F1FA326B200230624 /* HJADVC.m */,
				F08B54801FA326B200230624 /* HJADVC.xib */,
			);
			path = Controller;
			sourceTree = "<group>";
		};
		F08B547C1FA3261B00230624 /* Model */ = {
			isa = PBXGroup;
			children = (
				F08B54831FA32E9200230624 /* HJADItemModel.h */,
				F08B54841FA32E9200230624 /* HJADItemModel.m */,
			);
			path = Model;
			sourceTree = "<group>";
		};
		F08B547D1FA3261B00230624 /* View */ = {
			isa = PBXGroup;
			children = (
			);
			path = View;
			sourceTree = "<group>";
		};
		F0BF33D81FAAEC4D00444C7F /* Model */ = {
			isa = PBXGroup;
			children = (
			);
			path = Model;
			sourceTree = "<group>";
		};
		F0BF33D91FAAEC6F00444C7F /* View */ = {
			isa = PBXGroup;
			children = (
			);
			path = View;
			sourceTree = "<group>";
		};
		F0BF33DA1FAAEC7C00444C7F /* Model */ = {
			isa = PBXGroup;
			children = (
			);
			path = Model;
			sourceTree = "<group>";
		};
		F0BF33DB1FAAECBB00444C7F /* View */ = {
			isa = PBXGroup;
			children = (
			);
			path = View;
			sourceTree = "<group>";
		};
		F0BF33DC1FAAECD600444C7F /* Model */ = {
			isa = PBXGroup;
			children = (
			);
			path = Model;
			sourceTree = "<group>";
		};
		F0BF33DD1FAAECE900444C7F /* Model */ = {
			isa = PBXGroup;
			children = (
				F0BF33DF1FAAED7800444C7F /* HJEssenceModel.h */,
				F0BF33E01FAAED7800444C7F /* HJEssenceModel.m */,
			);
			path = Model;
			sourceTree = "<group>";
		};
		F0BF33DE1FAAED0300444C7F /* Model */ = {
			isa = PBXGroup;
			children = (
			);
			path = Model;
			sourceTree = "<group>";
		};
		F0BF33E21FAB035A00444C7F /* Log */ = {
			isa = PBXGroup;
			children = (
				F0BF33E41FAB035A00444C7F /* NSObject+Log.m */,
				F0BF33E61FAB035A00444C7F /* NSObject+Log.h */,
			);
			path = Log;
			sourceTree = "<group>";
		};
/* End PBXGroup section */

/* Begin PBXNativeTarget section */
		F02D9CDA1FA1B2DF004D096F /* budejie */ = {
			isa = PBXNativeTarget;
			buildConfigurationList = F02D9CF51FA1B2DF004D096F /* Build configuration list for PBXNativeTarget "budejie" */;
			buildPhases = (
				FFA7040C3913E02185D5D24E /* [CP] Check Pods Manifest.lock */,
				F02D9CD71FA1B2DF004D096F /* Sources */,
				F02D9CD81FA1B2DF004D096F /* Frameworks */,
				F02D9CD91FA1B2DF004D096F /* Resources */,
				D51625A3C4E678931E678AD3 /* [CP] Embed Pods Frameworks */,
				F5F1A4B8BFDC1A200D279625 /* [CP] Copy Pods Resources */,
			);
			buildRules = (
			);
			dependencies = (
			);
			name = budejie;
			productName = budejie;
			productReference = F02D9CDB1FA1B2DF004D096F /* budejie.app */;
			productType = "com.apple.product-type.application";
		};
/* End PBXNativeTarget section */

/* Begin PBXProject section */
		F02D9CD31FA1B2DF004D096F /* Project object */ = {
			isa = PBXProject;
			attributes = {
				CLASSPREFIX = HJ;
				LastUpgradeCheck = 0830;
				ORGANIZATIONNAME = hjun;
				TargetAttributes = {
					F02D9CDA1FA1B2DF004D096F = {
						CreatedOnToolsVersion = 8.3.3;
						DevelopmentTeam = UBB52YGJ4B;
						ProvisioningStyle = Automatic;
					};
				};
			};
			buildConfigurationList = F02D9CD61FA1B2DF004D096F /* Build configuration list for PBXProject "budejie" */;
			compatibilityVersion = "Xcode 3.2";
			developmentRegion = English;
			hasScannedForEncodings = 0;
			knownRegions = (
				en,
				Base,
			);
			mainGroup = F02D9CD21FA1B2DF004D096F;
			productRefGroup = F02D9CDC1FA1B2DF004D096F /* Products */;
			projectDirPath = "";
			projectRoot = "";
			targets = (
				F02D9CDA1FA1B2DF004D096F /* budejie */,
			);
		};
/* End PBXProject section */

/* Begin PBXResourcesBuildPhase section */
		F02D9CD91FA1B2DF004D096F /* Resources */ = {
			isa = PBXResourcesBuildPhase;
			buildActionMask = 2147483647;
			files = (
				F0B681CE1FA706560072638A /* HJFriendTrendVC.xib in Resources */,
				F08BE8E41FA87713006D8F9D /* HJWebVC.xib in Resources */,
				F08BE8D71FA853CF006D8F9D /* HJMeVC.storyboard in Resources */,
				F02D9CF11FA1B2DF004D096F /* LaunchScreen.storyboard in Resources */,
				F0B681D31FA708680072638A /* HJLoginVC.xib in Resources */,
				F0B681D81FA713430072638A /* HJRegisterLoginView.xib in Resources */,
				F02D9CEE1FA1B2DF004D096F /* Assets.xcassets in Resources */,
				F02D9CE91FA1B2DF004D096F /* Main.storyboard in Resources */,
				F0466E591FA6D01100987935 /* HJNewSubCell.xib in Resources */,
				F08B54821FA326B200230624 /* HJADVC.xib in Resources */,
				F08BE8DC1FA8661E006D8F9D /* HJMeCell.xib in Resources */,
				F068177A1FA72ADD009CDFC1 /* HJFastLoginView.xib in Resources */,
			);
			runOnlyForDeploymentPostprocessing = 0;
		};
/* End PBXResourcesBuildPhase section */

/* Begin PBXShellScriptBuildPhase section */
		D51625A3C4E678931E678AD3 /* [CP] Embed Pods Frameworks */ = {
			isa = PBXShellScriptBuildPhase;
			buildActionMask = 2147483647;
			files = (
			);
			inputPaths = (
			);
			name = "[CP] Embed Pods Frameworks";
			outputPaths = (
			);
			runOnlyForDeploymentPostprocessing = 0;
			shellPath = /bin/sh;
			shellScript = "\"${SRCROOT}/Pods/Target Support Files/Pods-budejie/Pods-budejie-frameworks.sh\"\n";
			showEnvVarsInLog = 0;
		};
		F5F1A4B8BFDC1A200D279625 /* [CP] Copy Pods Resources */ = {
			isa = PBXShellScriptBuildPhase;
			buildActionMask = 2147483647;
			files = (
			);
			inputPaths = (
				"${SRCROOT}/Pods/Target Support Files/Pods-budejie/Pods-budejie-resources.sh",
				"${PODS_ROOT}/MJRefresh/MJRefresh/MJRefresh.bundle",
				"${PODS_ROOT}/SVProgressHUD/SVProgressHUD/SVProgressHUD.bundle",
			);
			name = "[CP] Copy Pods Resources";
			outputPaths = (
				"${TARGET_BUILD_DIR}/${UNLOCALIZED_RESOURCES_FOLDER_PATH}",
			);
			runOnlyForDeploymentPostprocessing = 0;
			shellPath = /bin/sh;
			shellScript = "\"${SRCROOT}/Pods/Target Support Files/Pods-budejie/Pods-budejie-resources.sh\"\n";
			showEnvVarsInLog = 0;
		};
		FFA7040C3913E02185D5D24E /* [CP] Check Pods Manifest.lock */ = {
			isa = PBXShellScriptBuildPhase;
			buildActionMask = 2147483647;
			files = (
			);
			inputPaths = (
				"${PODS_PODFILE_DIR_PATH}/Podfile.lock",
				"${PODS_ROOT}/Manifest.lock",
			);
			name = "[CP] Check Pods Manifest.lock";
			outputPaths = (
				"$(DERIVED_FILE_DIR)/Pods-budejie-checkManifestLockResult.txt",
			);
			runOnlyForDeploymentPostprocessing = 0;
			shellPath = /bin/sh;
			shellScript = "diff \"${PODS_PODFILE_DIR_PATH}/Podfile.lock\" \"${PODS_ROOT}/Manifest.lock\" > /dev/null\nif [ $? != 0 ] ; then\n    # print error to STDERR\n    echo \"error: The sandbox is not in sync with the Podfile.lock. Run 'pod install' or update your CocoaPods installation.\" >&2\n    exit 1\nfi\n# This output is used by Xcode 'outputs' to avoid re-running this script phase.\necho \"SUCCESS\" > \"${SCRIPT_OUTPUT_FILE_0}\"\n";
			showEnvVarsInLog = 0;
		};
/* End PBXShellScriptBuildPhase section */

/* Begin PBXSourcesBuildPhase section */
		F02D9CD71FA1B2DF004D096F /* Sources */ = {
			isa = PBXSourcesBuildPhase;
			buildActionMask = 2147483647;
			files = (
				F0D2CDC01FA9A31000109201 /* HJAllVC.m in Sources */,
				F06817781FA72AC7009CDFC1 /* HJFastLoginView.m in Sources */,
				F08BE8DB1FA8661E006D8F9D /* HJMeCell.m in Sources */,
				F0D2CDD01FA9AB9300109201 /* HJConst.m in Sources */,
				F068177D1FA72C4C009CDFC1 /* HJFastBtn.m in Sources */,
				F0B681D61FA713320072638A /* HJRegisterLoginView.m in Sources */,
				F08B546E1FA2D18400230624 /* UIBarButtonItem+item.m in Sources */,
				F08B546B1FA2D15800230624 /* UIView+Frame.m in Sources */,
				F02D9D1E1FA1B324004D096F /* HJMeVC.m in Sources */,
				F0D2CDC31FA9A33D00109201 /* HJVideoVC.m in Sources */,
				F0466E4E1FA6CD5800987935 /* UPSHttpNetWorkTool.m in Sources */,
				F08B54811FA326B200230624 /* HJADVC.m in Sources */,
				F02D9D2D1FA1BFB6004D096F /* UIImage+Image.m in Sources */,
				F02D9CEC1FA1B2DF004D096F /* budejie.xcdatamodeld in Sources */,
				F0D2CDC61FA9A35E00109201 /* HJVoiceVC.m in Sources */,
				F0BF33E11FAAED7800444C7F /* HJEssenceModel.m in Sources */,
				F02D9D1B1FA1B324004D096F /* HJEssenceVC.m in Sources */,
				F0D2CDC91FA9A37600109201 /* HJPictureVC.m in Sources */,
				F08BE8DF1FA86AC9006D8F9D /* HJMeModel.m in Sources */,
				F02D9D1D1FA1B324004D096F /* HJFriendTrendVC.m in Sources */,
				F0466E581FA6D01100987935 /* HJNewSubCell.m in Sources */,
				F08BE8E31FA87713006D8F9D /* HJWebVC.m in Sources */,
				F0BF33E71FAB035A00444C7F /* NSObject+Log.m in Sources */,
				F0B681D21FA708680072638A /* HJLoginVC.m in Sources */,
				F08B54791FA2E5EC00230624 /* HJSettingVC.m in Sources */,
				F08BE8D51FA84CDA006D8F9D /* UITextField+Placeholder.m in Sources */,
				F0D2CDCC1FA9A39C00109201 /* HJJokesVC.m in Sources */,
				F08B54851FA32E9200230624 /* HJADItemModel.m in Sources */,
				F02D9D301FA1D5DE004D096F /* HJCustormTabBar.m in Sources */,
				F0D2CDBD1FA999DF00109201 /* HJEssenseBtn.m in Sources */,
				F0203E7A1FB1410F002733B5 /* HJTopicNewVC.m in Sources */,
				F02D9D1C1FA1B324004D096F /* HJNewVC.m in Sources */,
				F02D9CE31FA1B2DF004D096F /* AppDelegate.m in Sources */,
				F08BE8CC1FA8487D006D8F9D /* HJFriendTextField.m in Sources */,
				F0466E541FA6CE2000987935 /* HJNewSubVC.m in Sources */,
				F0466E511FA6CDBC00987935 /* HJNewModel.m in Sources */,
				F0D2CD721FA9704400109201 /* FileTool.m in Sources */,
				F08B54711FA2D42C00230624 /* HJNavVC.m in Sources */,
				F02D9D291FA1BCB5004D096F /* HJTabVC.m in Sources */,
				F02D9D1F1FA1B324004D096F /* HJPublishVC.m in Sources */,
				F02D9CE01FA1B2DF004D096F /* main.m in Sources */,
			);
			runOnlyForDeploymentPostprocessing = 0;
		};
/* End PBXSourcesBuildPhase section */

/* Begin PBXVariantGroup section */
		F02D9CE71FA1B2DF004D096F /* Main.storyboard */ = {
			isa = PBXVariantGroup;
			children = (
				F02D9CE81FA1B2DF004D096F /* Base */,
			);
			name = Main.storyboard;
			sourceTree = "<group>";
		};
		F02D9CEF1FA1B2DF004D096F /* LaunchScreen.storyboard */ = {
			isa = PBXVariantGroup;
			children = (
				F02D9CF01FA1B2DF004D096F /* Base */,
			);
			name = LaunchScreen.storyboard;
			sourceTree = "<group>";
		};
/* End PBXVariantGroup section */

/* Begin XCBuildConfiguration section */
		F02D9CF31FA1B2DF004D096F /* Debug */ = {
			isa = XCBuildConfiguration;
			buildSettings = {
				ALWAYS_SEARCH_USER_PATHS = NO;
				CLANG_ANALYZER_NONNULL = YES;
				CLANG_ANALYZER_NUMBER_OBJECT_CONVERSION = YES_AGGRESSIVE;
				CLANG_CXX_LANGUAGE_STANDARD = "gnu++0x";
				CLANG_CXX_LIBRARY = "libc++";
				CLANG_ENABLE_MODULES = YES;
				CLANG_ENABLE_OBJC_ARC = YES;
				CLANG_WARN_BOOL_CONVERSION = YES;
				CLANG_WARN_CONSTANT_CONVERSION = YES;
				CLANG_WARN_DIRECT_OBJC_ISA_USAGE = YES_ERROR;
				CLANG_WARN_DOCUMENTATION_COMMENTS = YES;
				CLANG_WARN_EMPTY_BODY = YES;
				CLANG_WARN_ENUM_CONVERSION = YES;
				CLANG_WARN_INFINITE_RECURSION = YES;
				CLANG_WARN_INT_CONVERSION = YES;
				CLANG_WARN_OBJC_ROOT_CLASS = YES_ERROR;
				CLANG_WARN_SUSPICIOUS_MOVE = YES;
				CLANG_WARN_UNREACHABLE_CODE = YES;
				CLANG_WARN__DUPLICATE_METHOD_MATCH = YES;
				CODE_SIGN_IDENTITY = "iPhone Developer: Xian Zhuang (7C5XTS5F9Y)";
				"CODE_SIGN_IDENTITY[sdk=iphoneos*]" = "iPhone Developer: Xian Zhuang (7C5XTS5F9Y)";
				COPY_PHASE_STRIP = NO;
				DEBUG_INFORMATION_FORMAT = dwarf;
				ENABLE_STRICT_OBJC_MSGSEND = YES;
				ENABLE_TESTABILITY = YES;
				GCC_C_LANGUAGE_STANDARD = gnu99;
				GCC_DYNAMIC_NO_PIC = NO;
				GCC_NO_COMMON_BLOCKS = YES;
				GCC_OPTIMIZATION_LEVEL = 0;
				GCC_PREPROCESSOR_DEFINITIONS = (
					"DEBUG=1",
					"$(inherited)",
				);
				GCC_WARN_64_TO_32_BIT_CONVERSION = YES;
				GCC_WARN_ABOUT_RETURN_TYPE = YES_ERROR;
				GCC_WARN_UNDECLARED_SELECTOR = YES;
				GCC_WARN_UNINITIALIZED_AUTOS = YES_AGGRESSIVE;
				GCC_WARN_UNUSED_FUNCTION = YES;
				GCC_WARN_UNUSED_VARIABLE = YES;
				IPHONEOS_DEPLOYMENT_TARGET = 10.3;
				MTL_ENABLE_DEBUG_INFO = YES;
				ONLY_ACTIVE_ARCH = YES;
				SDKROOT = iphoneos;
			};
			name = Debug;
		};
		F02D9CF41FA1B2DF004D096F /* Release */ = {
			isa = XCBuildConfiguration;
			buildSettings = {
				ALWAYS_SEARCH_USER_PATHS = NO;
				CLANG_ANALYZER_NONNULL = YES;
				CLANG_ANALYZER_NUMBER_OBJECT_CONVERSION = YES_AGGRESSIVE;
				CLANG_CXX_LANGUAGE_STANDARD = "gnu++0x";
				CLANG_CXX_LIBRARY = "libc++";
				CLANG_ENABLE_MODULES = YES;
				CLANG_ENABLE_OBJC_ARC = YES;
				CLANG_WARN_BOOL_CONVERSION = YES;
				CLANG_WARN_CONSTANT_CONVERSION = YES;
				CLANG_WARN_DIRECT_OBJC_ISA_USAGE = YES_ERROR;
				CLANG_WARN_DOCUMENTATION_COMMENTS = YES;
				CLANG_WARN_EMPTY_BODY = YES;
				CLANG_WARN_ENUM_CONVERSION = YES;
				CLANG_WARN_INFINITE_RECURSION = YES;
				CLANG_WARN_INT_CONVERSION = YES;
				CLANG_WARN_OBJC_ROOT_CLASS = YES_ERROR;
				CLANG_WARN_SUSPICIOUS_MOVE = YES;
				CLANG_WARN_UNREACHABLE_CODE = YES;
				CLANG_WARN__DUPLICATE_METHOD_MATCH = YES;
				CODE_SIGN_IDENTITY = "iPhone Developer: Xian Zhuang (7C5XTS5F9Y)";
				"CODE_SIGN_IDENTITY[sdk=iphoneos*]" = "iPhone Developer: Xian Zhuang (7C5XTS5F9Y)";
				COPY_PHASE_STRIP = NO;
				DEBUG_INFORMATION_FORMAT = "dwarf-with-dsym";
				ENABLE_NS_ASSERTIONS = NO;
				ENABLE_STRICT_OBJC_MSGSEND = YES;
				GCC_C_LANGUAGE_STANDARD = gnu99;
				GCC_NO_COMMON_BLOCKS = YES;
				GCC_WARN_64_TO_32_BIT_CONVERSION = YES;
				GCC_WARN_ABOUT_RETURN_TYPE = YES_ERROR;
				GCC_WARN_UNDECLARED_SELECTOR = YES;
				GCC_WARN_UNINITIALIZED_AUTOS = YES_AGGRESSIVE;
				GCC_WARN_UNUSED_FUNCTION = YES;
				GCC_WARN_UNUSED_VARIABLE = YES;
				IPHONEOS_DEPLOYMENT_TARGET = 10.3;
				MTL_ENABLE_DEBUG_INFO = NO;
				SDKROOT = iphoneos;
				VALIDATE_PRODUCT = YES;
			};
			name = Release;
		};
		F02D9CF61FA1B2DF004D096F /* Debug */ = {
			isa = XCBuildConfiguration;
			baseConfigurationReference = 2213C03210CCD64AE4F2C5B3 /* Pods-budejie.debug.xcconfig */;
			buildSettings = {
				ASSETCATALOG_COMPILER_APPICON_NAME = AppIcon;
				ASSETCATALOG_COMPILER_LAUNCHIMAGE_NAME = LaunchImage;
				CODE_SIGN_IDENTITY = "iPhone Developer: Xian Zhuang (7C5XTS5F9Y)";
				DEVELOPMENT_TEAM = UBB52YGJ4B;
				GCC_PREFIX_HEADER = /Users/hjun/Desktop/bedejie/budejie/budejie/budejie.pch;
				INFOPLIST_FILE = budejie/Info.plist;
				IPHONEOS_DEPLOYMENT_TARGET = 9.0;
				LD_RUNPATH_SEARCH_PATHS = "$(inherited) @executable_path/Frameworks";
				PRODUCT_BUNDLE_IDENTIFIER = cn.hjun.budejie;
				PRODUCT_NAME = "$(TARGET_NAME)";
			};
			name = Debug;
		};
		F02D9CF71FA1B2DF004D096F /* Release */ = {
			isa = XCBuildConfiguration;
			baseConfigurationReference = 33DC92E9C4647197381A4F11 /* Pods-budejie.release.xcconfig */;
			buildSettings = {
				ASSETCATALOG_COMPILER_APPICON_NAME = AppIcon;
				ASSETCATALOG_COMPILER_LAUNCHIMAGE_NAME = LaunchImage;
				CODE_SIGN_IDENTITY = "iPhone Developer: Xian Zhuang (7C5XTS5F9Y)";
				DEVELOPMENT_TEAM = UBB52YGJ4B;
				GCC_PREFIX_HEADER = /Users/hjun/Desktop/bedejie/budejie/budejie/budejie.pch;
				INFOPLIST_FILE = budejie/Info.plist;
				IPHONEOS_DEPLOYMENT_TARGET = 9.0;
				LD_RUNPATH_SEARCH_PATHS = "$(inherited) @executable_path/Frameworks";
				PRODUCT_BUNDLE_IDENTIFIER = cn.hjun.budejie;
				PRODUCT_NAME = "$(TARGET_NAME)";
			};
			name = Release;
		};
/* End XCBuildConfiguration section */

/* Begin XCConfigurationList section */
		F02D9CD61FA1B2DF004D096F /* Build configuration list for PBXProject "budejie" */ = {
			isa = XCConfigurationList;
			buildConfigurations = (
				F02D9CF31FA1B2DF004D096F /* Debug */,
				F02D9CF41FA1B2DF004D096F /* Release */,
			);
			defaultConfigurationIsVisible = 0;
			defaultConfigurationName = Release;
		};
		F02D9CF51FA1B2DF004D096F /* Build configuration list for PBXNativeTarget "budejie" */ = {
			isa = XCConfigurationList;
			buildConfigurations = (
				F02D9CF61FA1B2DF004D096F /* Debug */,
				F02D9CF71FA1B2DF004D096F /* Release */,
			);
			defaultConfigurationIsVisible = 0;
			defaultConfigurationName = Release;
		};
/* End XCConfigurationList section */

/* Begin XCVersionGroup section */
		F02D9CEA1FA1B2DF004D096F /* budejie.xcdatamodeld */ = {
			isa = XCVersionGroup;
			children = (
				F02D9CEB1FA1B2DF004D096F /* budejie.xcdatamodel */,
			);
			currentVersion = F02D9CEB1FA1B2DF004D096F /* budejie.xcdatamodel */;
			path = budejie.xcdatamodeld;
			sourceTree = "<group>";
			versionGroupType = wrapper.xcdatamodel;
		};
/* End XCVersionGroup section */
	};
	rootObject = F02D9CD31FA1B2DF004D096F /* Project object */;
}
